// !$*UTF8*$!
{
	archiveVersion = 1;
	classes = {
	};
	objectVersion = 50;
	objects = {

/* Begin PBXBuildFile section */
		E84F5E89234540E8004E3823 /* AppDelegate.swift in Sources */ = {isa = PBXBuildFile; fileRef = E84F5E88234540E8004E3823 /* AppDelegate.swift */; };
		E84F5E8E234540E8004E3823 /* Main.storyboard in Resources */ = {isa = PBXBuildFile; fileRef = E84F5E8C234540E8004E3823 /* Main.storyboard */; };
		E84F5E90234540E9004E3823 /* Assets.xcassets in Resources */ = {isa = PBXBuildFile; fileRef = E84F5E8F234540E9004E3823 /* Assets.xcassets */; };
		E84F5E93234540E9004E3823 /* LaunchScreen.storyboard in Resources */ = {isa = PBXBuildFile; fileRef = E84F5E91234540E9004E3823 /* LaunchScreen.storyboard */; };
		E84F5E9F23454163004E3823 /* GigsTableViewController.swift in Sources */ = {isa = PBXBuildFile; fileRef = E84F5E9E23454163004E3823 /* GigsTableViewController.swift */; };
		E84F5EA1234542DE004E3823 /* LoginViewController.swift in Sources */ = {isa = PBXBuildFile; fileRef = E84F5EA0234542DE004E3823 /* LoginViewController.swift */; };
		E84F5EA3234543F6004E3823 /* User.swift in Sources */ = {isa = PBXBuildFile; fileRef = E84F5EA2234543F6004E3823 /* User.swift */; };
		E84F5EA52345446B004E3823 /* GigsController.swift in Sources */ = {isa = PBXBuildFile; fileRef = E84F5EA42345446B004E3823 /* GigsController.swift */; };
		E84F5EA7234544A2004E3823 /* Bearer.swift in Sources */ = {isa = PBXBuildFile; fileRef = E84F5EA6234544A2004E3823 /* Bearer.swift */; };
/* End PBXBuildFile section */

/* Begin PBXFileReference section */
		E84F5E85234540E8004E3823 /* Gigs.app */ = {isa = PBXFileReference; explicitFileType = wrapper.application; includeInIndex = 0; path = Gigs.app; sourceTree = BUILT_PRODUCTS_DIR; };
		E84F5E88234540E8004E3823 /* AppDelegate.swift */ = {isa = PBXFileReference; lastKnownFileType = sourcecode.swift; path = AppDelegate.swift; sourceTree = "<group>"; };
		E84F5E8D234540E8004E3823 /* Base */ = {isa = PBXFileReference; lastKnownFileType = file.storyboard; name = Base; path = Base.lproj/Main.storyboard; sourceTree = "<group>"; };
		E84F5E8F234540E9004E3823 /* Assets.xcassets */ = {isa = PBXFileReference; lastKnownFileType = folder.assetcatalog; path = Assets.xcassets; sourceTree = "<group>"; };
		E84F5E92234540E9004E3823 /* Base */ = {isa = PBXFileReference; lastKnownFileType = file.storyboard; name = Base; path = Base.lproj/LaunchScreen.storyboard; sourceTree = "<group>"; };
		E84F5E94234540E9004E3823 /* Info.plist */ = {isa = PBXFileReference; lastKnownFileType = text.plist.xml; path = Info.plist; sourceTree = "<group>"; };
		E84F5E9E23454163004E3823 /* GigsTableViewController.swift */ = {isa = PBXFileReference; lastKnownFileType = sourcecode.swift; path = GigsTableViewController.swift; sourceTree = "<group>"; };
		E84F5EA0234542DE004E3823 /* LoginViewController.swift */ = {isa = PBXFileReference; lastKnownFileType = sourcecode.swift; path = LoginViewController.swift; sourceTree = "<group>"; };
		E84F5EA2234543F6004E3823 /* User.swift */ = {isa = PBXFileReference; lastKnownFileType = sourcecode.swift; path = User.swift; sourceTree = "<group>"; };
		E84F5EA42345446B004E3823 /* GigsController.swift */ = {isa = PBXFileReference; lastKnownFileType = sourcecode.swift; path = GigsController.swift; sourceTree = "<group>"; };
		E84F5EA6234544A2004E3823 /* Bearer.swift */ = {isa = PBXFileReference; lastKnownFileType = sourcecode.swift; path = Bearer.swift; sourceTree = "<group>"; };
/* End PBXFileReference section */

/* Begin PBXFrameworksBuildPhase section */
		E84F5E82234540E8004E3823 /* Frameworks */ = {
			isa = PBXFrameworksBuildPhase;
			buildActionMask = 2147483647;
			files = (
			);
			runOnlyForDeploymentPostprocessing = 0;
		};
/* End PBXFrameworksBuildPhase section */

/* Begin PBXGroup section */
		E84F5E7C234540E8004E3823 = {
			isa = PBXGroup;
			children = (
				E84F5E87234540E8004E3823 /* Gigs */,
				E84F5E86234540E8004E3823 /* Products */,
			);
			sourceTree = "<group>";
		};
		E84F5E86234540E8004E3823 /* Products */ = {
			isa = PBXGroup;
			children = (
				E84F5E85234540E8004E3823 /* Gigs.app */,
			);
			name = Products;
			sourceTree = "<group>";
		};
		E84F5E87234540E8004E3823 /* Gigs */ = {
			isa = PBXGroup;
			children = (
				E84F5E88234540E8004E3823 /* AppDelegate.swift */,
				E84F5E9D2345414D004E3823 /* Model */,
				E84F5E9C23454142004E3823 /* Controller */,
				E84F5E9B23454138004E3823 /* View Controller */,
				E84F5E9A23454129004E3823 /* Resources */,
				E84F5E94234540E9004E3823 /* Info.plist */,
			);
			path = Gigs;
			sourceTree = "<group>";
		};
		E84F5E9A23454129004E3823 /* Resources */ = {
			isa = PBXGroup;
			children = (
				E84F5E8C234540E8004E3823 /* Main.storyboard */,
				E84F5E8F234540E9004E3823 /* Assets.xcassets */,
				E84F5E91234540E9004E3823 /* LaunchScreen.storyboard */,
			);
			path = Resources;
			sourceTree = "<group>";
		};
		E84F5E9B23454138004E3823 /* View Controller */ = {
			isa = PBXGroup;
			children = (
				E84F5E9E23454163004E3823 /* GigsTableViewController.swift */,
				E84F5EA0234542DE004E3823 /* LoginViewController.swift */,
			);
			path = "View Controller";
			sourceTree = "<group>";
		};
		E84F5E9C23454142004E3823 /* Controller */ = {
			isa = PBXGroup;
			children = (
				E84F5EA42345446B004E3823 /* GigsController.swift */,
			);
			path = Controller;
			sourceTree = "<group>";
		};
		E84F5E9D2345414D004E3823 /* Model */ = {
			isa = PBXGroup;
			children = (
				E84F5EA2234543F6004E3823 /* User.swift */,
				E84F5EA6234544A2004E3823 /* Bearer.swift */,
			);
			path = Model;
			sourceTree = "<group>";
		};
/* End PBXGroup section */

/* Begin PBXNativeTarget section */
		E84F5E84234540E8004E3823 /* Gigs */ = {
			isa = PBXNativeTarget;
			buildConfigurationList = E84F5E97234540E9004E3823 /* Build configuration list for PBXNativeTarget "Gigs" */;
			buildPhases = (
				E84F5E81234540E8004E3823 /* Sources */,
				E84F5E82234540E8004E3823 /* Frameworks */,
				E84F5E83234540E8004E3823 /* Resources */,
			);
			buildRules = (
			);
			dependencies = (
			);
			name = Gigs;
			productName = Gigs;
			productReference = E84F5E85234540E8004E3823 /* Gigs.app */;
			productType = "com.apple.product-type.application";
		};
/* End PBXNativeTarget section */

/* Begin PBXProject section */
		E84F5E7D234540E8004E3823 /* Project object */ = {
			isa = PBXProject;
			attributes = {
				LastSwiftUpdateCheck = 1030;
				LastUpgradeCheck = 1030;
				ORGANIZATIONNAME = "Lambda School";
				TargetAttributes = {
					E84F5E84234540E8004E3823 = {
						CreatedOnToolsVersion = 10.3;
					};
				};
			};
			buildConfigurationList = E84F5E80234540E8004E3823 /* Build configuration list for PBXProject "Gigs" */;
			compatibilityVersion = "Xcode 9.3";
			developmentRegion = en;
			hasScannedForEncodings = 0;
			knownRegions = (
				en,
				Base,
			);
			mainGroup = E84F5E7C234540E8004E3823;
			productRefGroup = E84F5E86234540E8004E3823 /* Products */;
			projectDirPath = "";
			projectRoot = "";
			targets = (
				E84F5E84234540E8004E3823 /* Gigs */,
			);
		};
/* End PBXProject section */

/* Begin PBXResourcesBuildPhase section */
		E84F5E83234540E8004E3823 /* Resources */ = {
			isa = PBXResourcesBuildPhase;
			buildActionMask = 2147483647;
			files = (
				E84F5E93234540E9004E3823 /* LaunchScreen.storyboard in Resources */,
				E84F5E90234540E9004E3823 /* Assets.xcassets in Resources */,
				E84F5E8E234540E8004E3823 /* Main.storyboard in Resources */,
			);
			runOnlyForDeploymentPostprocessing = 0;
		};
/* End PBXResourcesBuildPhase section */

/* Begin PBXSourcesBuildPhase section */
		E84F5E81234540E8004E3823 /* Sources */ = {
			isa = PBXSourcesBuildPhase;
			buildActionMask = 2147483647;
			files = (
				E84F5EA3234543F6004E3823 /* User.swift in Sources */,
				E84F5EA1234542DE004E3823 /* LoginViewController.swift in Sources */,
				E84F5EA7234544A2004E3823 /* Bearer.swift in Sources */,
				E84F5EA52345446B004E3823 /* GigsController.swift in Sources */,
				E84F5E89234540E8004E3823 /* AppDelegate.swift in Sources */,
				E84F5E9F23454163004E3823 /* GigsTableViewController.swift in Sources */,
			);
			runOnlyForDeploymentPostprocessing = 0;
		};
/* End PBXSourcesBuildPhase section */

/* Begin PBXVariantGroup section */
		E84F5E8C234540E8004E3823 /* Main.storyboard */ = {
			isa = PBXVariantGroup;
			children = (
				E84F5E8D234540E8004E3823 /* Base */,
			);
			name = Main.storyboard;
			sourceTree = "<group>";
		};
		E84F5E91234540E9004E3823 /* LaunchScreen.storyboard */ = {
			isa = PBXVariantGroup;
			children = (
				E84F5E92234540E9004E3823 /* Base */,
			);
			name = LaunchScreen.storyboard;
			sourceTree = "<group>";
		};
/* End PBXVariantGroup section */

/* Begin XCBuildConfiguration section */
		E84F5E95234540E9004E3823 /* Debug */ = {
			isa = XCBuildConfiguration;
			buildSettings = {
				ALWAYS_SEARCH_USER_PATHS = NO;
				CLANG_ANALYZER_NONNULL = YES;
				CLANG_ANALYZER_NUMBER_OBJECT_CONVERSION = YES_AGGRESSIVE;
				CLANG_CXX_LANGUAGE_STANDARD = "gnu++14";
				CLANG_CXX_LIBRARY = "libc++";
				CLANG_ENABLE_MODULES = YES;
				CLANG_ENABLE_OBJC_ARC = YES;
				CLANG_ENABLE_OBJC_WEAK = YES;
				CLANG_WARN_BLOCK_CAPTURE_AUTORELEASING = YES;
				CLANG_WARN_BOOL_CONVERSION = YES;
				CLANG_WARN_COMMA = YES;
				CLANG_WARN_CONSTANT_CONVERSION = YES;
				CLANG_WARN_DEPRECATED_OBJC_IMPLEMENTATIONS = YES;
				CLANG_WARN_DIRECT_OBJC_ISA_USAGE = YES_ERROR;
				CLANG_WARN_DOCUMENTATION_COMMENTS = YES;
				CLANG_WARN_EMPTY_BODY = YES;
				CLANG_WARN_ENUM_CONVERSION = YES;
				CLANG_WARN_INFINITE_RECURSION = YES;
				CLANG_WARN_INT_CONVERSION = YES;
				CLANG_WARN_NON_LITERAL_NULL_CONVERSION = YES;
				CLANG_WARN_OBJC_IMPLICIT_RETAIN_SELF = YES;
				CLANG_WARN_OBJC_LITERAL_CONVERSION = YES;
				CLANG_WARN_OBJC_ROOT_CLASS = YES_ERROR;
				CLANG_WARN_RANGE_LOOP_ANALYSIS = YES;
				CLANG_WARN_STRICT_PROTOTYPES = YES;
				CLANG_WARN_SUSPICIOUS_MOVE = YES;
				CLANG_WARN_UNGUARDED_AVAILABILITY = YES_AGGRESSIVE;
				CLANG_WARN_UNREACHABLE_CODE = YES;
				CLANG_WARN__DUPLICATE_METHOD_MATCH = YES;
				CODE_SIGN_IDENTITY = "iPhone Developer";
				COPY_PHASE_STRIP = NO;
				DEBUG_INFORMATION_FORMAT = dwarf;
				ENABLE_STRICT_OBJC_MSGSEND = YES;
				ENABLE_TESTABILITY = YES;
				GCC_C_LANGUAGE_STANDARD = gnu11;
				GCC_DYNAMIC_NO_PIC = NO;
				GCC_NO_COMMON_BLOCKS = YES;
				GCC_OPTIMIZATION_LEVEL = 0;
				GCC_PREPROCESSOR_DEFINITIONS = (
					"DEBUG=1",
					"$(inherited)",
				);
				GCC_WARN_64_TO_32_BIT_CONVERSION = YES;
				GCC_WARN_ABOUT_RETURN_TYPE = YES_ERROR;
				GCC_WARN_UNDECLARED_SELECTOR = YES;
				GCC_WARN_UNINITIALIZED_AUTOS = YES_AGGRESSIVE;
				GCC_WARN_UNUSED_FUNCTION = YES;
				GCC_WARN_UNUSED_VARIABLE = YES;
				IPHONEOS_DEPLOYMENT_TARGET = 12.4;
				MTL_ENABLE_DEBUG_INFO = INCLUDE_SOURCE;
				MTL_FAST_MATH = YES;
				ONLY_ACTIVE_ARCH = YES;
				SDKROOT = iphoneos;
				SWIFT_ACTIVE_COMPILATION_CONDITIONS = DEBUG;
				SWIFT_OPTIMIZATION_LEVEL = "-Onone";
			};
			name = Debug;
		};
		E84F5E96234540E9004E3823 /* Release */ = {
			isa = XCBuildConfiguration;
			buildSettings = {
				ALWAYS_SEARCH_USER_PATHS = NO;
				CLANG_ANALYZER_NONNULL = YES;
				CLANG_ANALYZER_NUMBER_OBJECT_CONVERSION = YES_AGGRESSIVE;
				CLANG_CXX_LANGUAGE_STANDARD = "gnu++14";
				CLANG_CXX_LIBRARY = "libc++";
				CLANG_ENABLE_MODULES = YES;
				CLANG_ENABLE_OBJC_ARC = YES;
				CLANG_ENABLE_OBJC_WEAK = YES;
				CLANG_WARN_BLOCK_CAPTURE_AUTORELEASING = YES;
				CLANG_WARN_BOOL_CONVERSION = YES;
				CLANG_WARN_COMMA = YES;
				CLANG_WARN_CONSTANT_CONVERSION = YES;
				CLANG_WARN_DEPRECATED_OBJC_IMPLEMENTATIONS = YES;
				CLANG_WARN_DIRECT_OBJC_ISA_USAGE = YES_ERROR;
				CLANG_WARN_DOCUMENTATION_COMMENTS = YES;
				CLANG_WARN_EMPTY_BODY = YES;
				CLANG_WARN_ENUM_CONVERSION = YES;
				CLANG_WARN_INFINITE_RECURSION = YES;
				CLANG_WARN_INT_CONVERSION = YES;
				CLANG_WARN_NON_LITERAL_NULL_CONVERSION = YES;
				CLANG_WARN_OBJC_IMPLICIT_RETAIN_SELF = YES;
				CLANG_WARN_OBJC_LITERAL_CONVERSION = YES;
				CLANG_WARN_OBJC_ROOT_CLASS = YES_ERROR;
				CLANG_WARN_RANGE_LOOP_ANALYSIS = YES;
				CLANG_WARN_STRICT_PROTOTYPES = YES;
				CLANG_WARN_SUSPICIOUS_MOVE = YES;
				CLANG_WARN_UNGUARDED_AVAILABILITY = YES_AGGRESSIVE;
				CLANG_WARN_UNREACHABLE_CODE = YES;
				CLANG_WARN__DUPLICATE_METHOD_MATCH = YES;
				CODE_SIGN_IDENTITY = "iPhone Developer";
				COPY_PHASE_STRIP = NO;
				DEBUG_INFORMATION_FORMAT = "dwarf-with-dsym";
				ENABLE_NS_ASSERTIONS = NO;
				ENABLE_STRICT_OBJC_MSGSEND = YES;
				GCC_C_LANGUAGE_STANDARD = gnu11;
				GCC_NO_COMMON_BLOCKS = YES;
				GCC_WARN_64_TO_32_BIT_CONVERSION = YES;
				GCC_WARN_ABOUT_RETURN_TYPE = YES_ERROR;
				GCC_WARN_UNDECLARED_SELECTOR = YES;
				GCC_WARN_UNINITIALIZED_AUTOS = YES_AGGRESSIVE;
				GCC_WARN_UNUSED_FUNCTION = YES;
				GCC_WARN_UNUSED_VARIABLE = YES;
				IPHONEOS_DEPLOYMENT_TARGET = 12.4;
				MTL_ENABLE_DEBUG_INFO = NO;
				MTL_FAST_MATH = YES;
				SDKROOT = iphoneos;
				SWIFT_COMPILATION_MODE = wholemodule;
				SWIFT_OPTIMIZATION_LEVEL = "-O";
				VALIDATE_PRODUCT = YES;
			};
			name = Release;
		};
		E84F5E98234540E9004E3823 /* Debug */ = {
			isa = XCBuildConfiguration;
			buildSettings = {
				ASSETCATALOG_COMPILER_APPICON_NAME = AppIcon;
				CODE_SIGN_STYLE = Automatic;
				DEVELOPMENT_TEAM = HHWLCLH68V;
				INFOPLIST_FILE = Gigs/Info.plist;
				LD_RUNPATH_SEARCH_PATHS = (
					"$(inherited)",
					"@executable_path/Frameworks",
				);
				PRODUCT_BUNDLE_IDENTIFIER = com.lambdashool.Gigs;
				PRODUCT_NAME = "$(TARGET_NAME)";
				SWIFT_VERSION = 5.0;
				TARGETED_DEVICE_FAMILY = "1,2";
			};
			name = Debug;
		};
		E84F5E99234540E9004E3823 /* Release */ = {
			isa = XCBuildConfiguration;
			buildSettings = {
				ASSETCATALOG_COMPILER_APPICON_NAME = AppIcon;
				CODE_SIGN_STYLE = Automatic;
				DEVELOPMENT_TEAM = HHWLCLH68V;
				INFOPLIST_FILE = Gigs/Info.plist;
				LD_RUNPATH_SEARCH_PATHS = (
					"$(inherited)",
					"@executable_path/Frameworks",
				);
				PRODUCT_BUNDLE_IDENTIFIER = com.lambdashool.Gigs;
				PRODUCT_NAME = "$(TARGET_NAME)";
				SWIFT_VERSION = 5.0;
				TARGETED_DEVICE_FAMILY = "1,2";
			};
			name = Release;
		};
/* End XCBuildConfiguration section */

/* Begin XCConfigurationList section */
		E84F5E80234540E8004E3823 /* Build configuration list for PBXProject "Gigs" */ = {
			isa = XCConfigurationList;
			buildConfigurations = (
				E84F5E95234540E9004E3823 /* Debug */,
				E84F5E96234540E9004E3823 /* Release */,
			);
			defaultConfigurationIsVisible = 0;
			defaultConfigurationName = Release;
		};
		E84F5E97234540E9004E3823 /* Build configuration list for PBXNativeTarget "Gigs" */ = {
			isa = XCConfigurationList;
			buildConfigurations = (
				E84F5E98234540E9004E3823 /* Debug */,
				E84F5E99234540E9004E3823 /* Release */,
			);
			defaultConfigurationIsVisible = 0;
			defaultConfigurationName = Release;
		};
/* End XCConfigurationList section */
	};
	rootObject = E84F5E7D234540E8004E3823 /* Project object */;
}
